
Microsoft Visual Studio Solution File, Format Version 12.00
# Visual Studio Version 17
VisualStudioVersion = 17.1.32421.90
MinimumVisualStudioVersion = 10.0.40219.1
Project("{FAE04EC0-301F-11D3-BF4B-00C04F79EFBC}") = "Vehicle", "Vehicle\Vehicle.csproj", "{B9529ABE-D755-4DD0-B2FB-23C2042EB24E}"
EndProject
Global
	GlobalSection(SolutionConfigurationPlatforms) = preSolution
		Debug|Any CPU = Debug|Any CPU
		Release|Any CPU = Release|Any CPU
	EndGlobalSection
	GlobalSection(ProjectConfigurationPlatforms) = postSolution
		{B9529ABE-D755-4DD0-B2FB-23C2042EB24E}.Debug|Any CPU.ActiveCfg = Debug|Any CPU
		{B9529ABE-D755-4DD0-B2FB-23C2042EB24E}.Debug|Any CPU.Build.0 = Debug|Any CPU
		{B9529ABE-D755-4DD0-B2FB-23C2042EB24E}.Release|Any CPU.ActiveCfg = Release|Any CPU
		{B9529ABE-D755-4DD0-B2FB-23C2042EB24E}.Release|Any CPU.Build.0 = Release|Any CPU
	EndGlobalSection
	GlobalSection(SolutionProperties) = preSolution
		HideSolutionNode = FALSE
	EndGlobalSection
	GlobalSection(ExtensibilityGlobals) = postSolution
		SolutionGuid = {CF3EE1C0-9D15-4381-9B9F-C6F1AA5B7A70}
	EndGlobalSection
EndGlobal
